// !$*UTF8*$!
{
	archiveVersion = 1;
	classes = {
	};
	objectVersion = 46;
	objects = {

/* Begin PBXBuildFile section */
		A0AF98CE1BC0A09800F81B7E /* AppDelegate.swift in Sources */ = {isa = PBXBuildFile; fileRef = A0AF98CD1BC0A09800F81B7E /* AppDelegate.swift */; };
		A0AF98D01BC0A09800F81B7E /* ViewController.swift in Sources */ = {isa = PBXBuildFile; fileRef = A0AF98CF1BC0A09800F81B7E /* ViewController.swift */; };
		A0AF98D31BC0A09800F81B7E /* Main.storyboard in Resources */ = {isa = PBXBuildFile; fileRef = A0AF98D11BC0A09800F81B7E /* Main.storyboard */; };
		A0AF98D51BC0A09800F81B7E /* Assets.xcassets in Resources */ = {isa = PBXBuildFile; fileRef = A0AF98D41BC0A09800F81B7E /* Assets.xcassets */; };
		A0AF98D81BC0A09800F81B7E /* LaunchScreen.storyboard in Resources */ = {isa = PBXBuildFile; fileRef = A0AF98D61BC0A09800F81B7E /* LaunchScreen.storyboard */; };
		A0AF98E31BC0A09900F81B7E /* twelvTests.swift in Sources */ = {isa = PBXBuildFile; fileRef = A0AF98E21BC0A09900F81B7E /* twelvTests.swift */; };
		A0AF98EE1BC0A09900F81B7E /* twelvUITests.swift in Sources */ = {isa = PBXBuildFile; fileRef = A0AF98ED1BC0A09900F81B7E /* twelvUITests.swift */; };
/* End PBXBuildFile section */

/* Begin PBXContainerItemProxy section */
		A0AF98DF1BC0A09900F81B7E /* PBXContainerItemProxy */ = {
			isa = PBXContainerItemProxy;
			containerPortal = A0AF98C21BC0A09800F81B7E /* Project object */;
			proxyType = 1;
			remoteGlobalIDString = A0AF98C91BC0A09800F81B7E;
			remoteInfo = twelv;
		};
		A0AF98EA1BC0A09900F81B7E /* PBXContainerItemProxy */ = {
			isa = PBXContainerItemProxy;
			containerPortal = A0AF98C21BC0A09800F81B7E /* Project object */;
			proxyType = 1;
			remoteGlobalIDString = A0AF98C91BC0A09800F81B7E;
			remoteInfo = twelv;
		};
/* End PBXContainerItemProxy section */

/* Begin PBXFileReference section */
		A0AF98CA1BC0A09800F81B7E /* twelv.app */ = {isa = PBXFileReference; explicitFileType = wrapper.application; includeInIndex = 0; path = twelv.app; sourceTree = BUILT_PRODUCTS_DIR; };
		A0AF98CD1BC0A09800F81B7E /* AppDelegate.swift */ = {isa = PBXFileReference; lastKnownFileType = sourcecode.swift; path = AppDelegate.swift; sourceTree = "<group>"; };
		A0AF98CF1BC0A09800F81B7E /* ViewController.swift */ = {isa = PBXFileReference; lastKnownFileType = sourcecode.swift; path = ViewController.swift; sourceTree = "<group>"; };
		A0AF98D21BC0A09800F81B7E /* Base */ = {isa = PBXFileReference; lastKnownFileType = file.storyboard; name = Base; path = Base.lproj/Main.storyboard; sourceTree = "<group>"; };
		A0AF98D41BC0A09800F81B7E /* Assets.xcassets */ = {isa = PBXFileReference; lastKnownFileType = folder.assetcatalog; path = Assets.xcassets; sourceTree = "<group>"; };
		A0AF98D71BC0A09800F81B7E /* Base */ = {isa = PBXFileReference; lastKnownFileType = file.storyboard; name = Base; path = Base.lproj/LaunchScreen.storyboard; sourceTree = "<group>"; };
		A0AF98D91BC0A09800F81B7E /* Info.plist */ = {isa = PBXFileReference; lastKnownFileType = text.plist.xml; path = Info.plist; sourceTree = "<group>"; };
		A0AF98DE1BC0A09900F81B7E /* twelvTests.xctest */ = {isa = PBXFileReference; explicitFileType = wrapper.cfbundle; includeInIndex = 0; path = twelvTests.xctest; sourceTree = BUILT_PRODUCTS_DIR; };
		A0AF98E21BC0A09900F81B7E /* twelvTests.swift */ = {isa = PBXFileReference; lastKnownFileType = sourcecode.swift; path = twelvTests.swift; sourceTree = "<group>"; };
		A0AF98E41BC0A09900F81B7E /* Info.plist */ = {isa = PBXFileReference; lastKnownFileType = text.plist.xml; path = Info.plist; sourceTree = "<group>"; };
		A0AF98E91BC0A09900F81B7E /* twelvUITests.xctest */ = {isa = PBXFileReference; explicitFileType = wrapper.cfbundle; includeInIndex = 0; path = twelvUITests.xctest; sourceTree = BUILT_PRODUCTS_DIR; };
		A0AF98ED1BC0A09900F81B7E /* twelvUITests.swift */ = {isa = PBXFileReference; lastKnownFileType = sourcecode.swift; path = twelvUITests.swift; sourceTree = "<group>"; };
		A0AF98EF1BC0A09900F81B7E /* Info.plist */ = {isa = PBXFileReference; lastKnownFileType = text.plist.xml; path = Info.plist; sourceTree = "<group>"; };
/* End PBXFileReference section */

/* Begin PBXFrameworksBuildPhase section */
		A0AF98C71BC0A09800F81B7E /* Frameworks */ = {
			isa = PBXFrameworksBuildPhase;
			buildActionMask = 2147483647;
			files = (
			);
			runOnlyForDeploymentPostprocessing = 0;
		};
		A0AF98DB1BC0A09900F81B7E /* Frameworks */ = {
			isa = PBXFrameworksBuildPhase;
			buildActionMask = 2147483647;
			files = (
			);
			runOnlyForDeploymentPostprocessing = 0;
		};
		A0AF98E61BC0A09900F81B7E /* Frameworks */ = {
			isa = PBXFrameworksBuildPhase;
			buildActionMask = 2147483647;
			files = (
			);
			runOnlyForDeploymentPostprocessing = 0;
		};
/* End PBXFrameworksBuildPhase section */

/* Begin PBXGroup section */
		A0AF98C11BC0A09800F81B7E = {
			isa = PBXGroup;
			children = (
				A0AF98CC1BC0A09800F81B7E /* twelv */,
				A0AF98E11BC0A09900F81B7E /* twelvTests */,
				A0AF98EC1BC0A09900F81B7E /* twelvUITests */,
				A0AF98CB1BC0A09800F81B7E /* Products */,
			);
			sourceTree = "<group>";
		};
		A0AF98CB1BC0A09800F81B7E /* Products */ = {
			isa = PBXGroup;
			children = (
				A0AF98CA1BC0A09800F81B7E /* twelv.app */,
				A0AF98DE1BC0A09900F81B7E /* twelvTests.xctest */,
				A0AF98E91BC0A09900F81B7E /* twelvUITests.xctest */,
			);
			name = Products;
			sourceTree = "<group>";
		};
		A0AF98CC1BC0A09800F81B7E /* twelv */ = {
			isa = PBXGroup;
			children = (
				A0AF98CD1BC0A09800F81B7E /* AppDelegate.swift */,
				A0AF98CF1BC0A09800F81B7E /* ViewController.swift */,
				A0AF98D11BC0A09800F81B7E /* Main.storyboard */,
				A0AF98D41BC0A09800F81B7E /* Assets.xcassets */,
				A0AF98D61BC0A09800F81B7E /* LaunchScreen.storyboard */,
				A0AF98D91BC0A09800F81B7E /* Info.plist */,
			);
			path = twelv;
			sourceTree = "<group>";
		};
		A0AF98E11BC0A09900F81B7E /* twelvTests */ = {
			isa = PBXGroup;
			children = (
				A0AF98E21BC0A09900F81B7E /* twelvTests.swift */,
				A0AF98E41BC0A09900F81B7E /* Info.plist */,
			);
			path = twelvTests;
			sourceTree = "<group>";
		};
		A0AF98EC1BC0A09900F81B7E /* twelvUITests */ = {
			isa = PBXGroup;
			children = (
				A0AF98ED1BC0A09900F81B7E /* twelvUITests.swift */,
				A0AF98EF1BC0A09900F81B7E /* Info.plist */,
			);
			path = twelvUITests;
			sourceTree = "<group>";
		};
/* End PBXGroup section */

/* Begin PBXNativeTarget section */
		A0AF98C91BC0A09800F81B7E /* twelv */ = {
			isa = PBXNativeTarget;
			buildConfigurationList = A0AF98F21BC0A09900F81B7E /* Build configuration list for PBXNativeTarget "twelv" */;
			buildPhases = (
				A0AF98C61BC0A09800F81B7E /* Sources */,
				A0AF98C71BC0A09800F81B7E /* Frameworks */,
				A0AF98C81BC0A09800F81B7E /* Resources */,
			);
			buildRules = (
			);
			dependencies = (
			);
			name = twelv;
			productName = twelv;
			productReference = A0AF98CA1BC0A09800F81B7E /* twelv.app */;
			productType = "com.apple.product-type.application";
		};
		A0AF98DD1BC0A09900F81B7E /* twelvTests */ = {
			isa = PBXNativeTarget;
			buildConfigurationList = A0AF98F51BC0A09900F81B7E /* Build configuration list for PBXNativeTarget "twelvTests" */;
			buildPhases = (
				A0AF98DA1BC0A09900F81B7E /* Sources */,
				A0AF98DB1BC0A09900F81B7E /* Frameworks */,
				A0AF98DC1BC0A09900F81B7E /* Resources */,
			);
			buildRules = (
			);
			dependencies = (
				A0AF98E01BC0A09900F81B7E /* PBXTargetDependency */,
			);
			name = twelvTests;
			productName = twelvTests;
			productReference = A0AF98DE1BC0A09900F81B7E /* twelvTests.xctest */;
			productType = "com.apple.product-type.bundle.unit-test";
		};
		A0AF98E81BC0A09900F81B7E /* twelvUITests */ = {
			isa = PBXNativeTarget;
			buildConfigurationList = A0AF98F81BC0A09900F81B7E /* Build configuration list for PBXNativeTarget "twelvUITests" */;
			buildPhases = (
				A0AF98E51BC0A09900F81B7E /* Sources */,
				A0AF98E61BC0A09900F81B7E /* Frameworks */,
				A0AF98E71BC0A09900F81B7E /* Resources */,
			);
			buildRules = (
			);
			dependencies = (
				A0AF98EB1BC0A09900F81B7E /* PBXTargetDependency */,
			);
			name = twelvUITests;
			productName = twelvUITests;
			productReference = A0AF98E91BC0A09900F81B7E /* twelvUITests.xctest */;
			productType = "com.apple.product-type.bundle.ui-testing";
		};
/* End PBXNativeTarget section */

/* Begin PBXProject section */
		A0AF98C21BC0A09800F81B7E /* Project object */ = {
			isa = PBXProject;
			attributes = {
				LastUpgradeCheck = 0700;
				ORGANIZATIONNAME = "Lucas Bullen";
				TargetAttributes = {
					A0AF98C91BC0A09800F81B7E = {
						CreatedOnToolsVersion = 7.0.1;
					};
					A0AF98DD1BC0A09900F81B7E = {
						CreatedOnToolsVersion = 7.0.1;
						TestTargetID = A0AF98C91BC0A09800F81B7E;
					};
					A0AF98E81BC0A09900F81B7E = {
						CreatedOnToolsVersion = 7.0.1;
						TestTargetID = A0AF98C91BC0A09800F81B7E;
					};
				};
			};
			buildConfigurationList = A0AF98C51BC0A09800F81B7E /* Build configuration list for PBXProject "twelv" */;
			compatibilityVersion = "Xcode 3.2";
			developmentRegion = English;
			hasScannedForEncodings = 0;
			knownRegions = (
				en,
				Base,
			);
			mainGroup = A0AF98C11BC0A09800F81B7E;
			productRefGroup = A0AF98CB1BC0A09800F81B7E /* Products */;
			projectDirPath = "";
			projectRoot = "";
			targets = (
				A0AF98C91BC0A09800F81B7E /* twelv */,
				A0AF98DD1BC0A09900F81B7E /* twelvTests */,
				A0AF98E81BC0A09900F81B7E /* twelvUITests */,
			);
		};
/* End PBXProject section */

/* Begin PBXResourcesBuildPhase section */
		A0AF98C81BC0A09800F81B7E /* Resources */ = {
			isa = PBXResourcesBuildPhase;
			buildActionMask = 2147483647;
			files = (
				A0AF98D81BC0A09800F81B7E /* LaunchScreen.storyboard in Resources */,
				A0AF98D51BC0A09800F81B7E /* Assets.xcassets in Resources */,
				A0AF98D31BC0A09800F81B7E /* Main.storyboard in Resources */,
			);
			runOnlyForDeploymentPostprocessing = 0;
		};
		A0AF98DC1BC0A09900F81B7E /* Resources */ = {
			isa = PBXResourcesBuildPhase;
			buildActionMask = 2147483647;
			files = (
			);
			runOnlyForDeploymentPostprocessing = 0;
		};
		A0AF98E71BC0A09900F81B7E /* Resources */ = {
			isa = PBXResourcesBuildPhase;
			buildActionMask = 2147483647;
			files = (
			);
			runOnlyForDeploymentPostprocessing = 0;
		};
/* End PBXResourcesBuildPhase section */

/* Begin PBXSourcesBuildPhase section */
		A0AF98C61BC0A09800F81B7E /* Sources */ = {
			isa = PBXSourcesBuildPhase;
			buildActionMask = 2147483647;
			files = (
				A0AF98D01BC0A09800F81B7E /* ViewController.swift in Sources */,
				A0AF98CE1BC0A09800F81B7E /* AppDelegate.swift in Sources */,
			);
			runOnlyForDeploymentPostprocessing = 0;
		};
		A0AF98DA1BC0A09900F81B7E /* Sources */ = {
			isa = PBXSourcesBuildPhase;
			buildActionMask = 2147483647;
			files = (
				A0AF98E31BC0A09900F81B7E /* twelvTests.swift in Sources */,
			);
			runOnlyForDeploymentPostprocessing = 0;
		};
		A0AF98E51BC0A09900F81B7E /* Sources */ = {
			isa = PBXSourcesBuildPhase;
			buildActionMask = 2147483647;
			files = (
				A0AF98EE1BC0A09900F81B7E /* twelvUITests.swift in Sources */,
			);
			runOnlyForDeploymentPostprocessing = 0;
		};
/* End PBXSourcesBuildPhase section */

/* Begin PBXTargetDependency section */
		A0AF98E01BC0A09900F81B7E /* PBXTargetDependency */ = {
			isa = PBXTargetDependency;
			target = A0AF98C91BC0A09800F81B7E /* twelv */;
			targetProxy = A0AF98DF1BC0A09900F81B7E /* PBXContainerItemProxy */;
		};
		A0AF98EB1BC0A09900F81B7E /* PBXTargetDependency */ = {
			isa = PBXTargetDependency;
			target = A0AF98C91BC0A09800F81B7E /* twelv */;
			targetProxy = A0AF98EA1BC0A09900F81B7E /* PBXContainerItemProxy */;
		};
/* End PBXTargetDependency section */

/* Begin PBXVariantGroup section */
		A0AF98D11BC0A09800F81B7E /* Main.storyboard */ = {
			isa = PBXVariantGroup;
			children = (
				A0AF98D21BC0A09800F81B7E /* Base */,
			);
			name = Main.storyboard;
			sourceTree = "<group>";
		};
		A0AF98D61BC0A09800F81B7E /* LaunchScreen.storyboard */ = {
			isa = PBXVariantGroup;
			children = (
				A0AF98D71BC0A09800F81B7E /* Base */,
			);
			name = LaunchScreen.storyboard;
			sourceTree = "<group>";
		};
/* End PBXVariantGroup section */

/* Begin XCBuildConfiguration section */
		A0AF98F01BC0A09900F81B7E /* Debug */ = {
			isa = XCBuildConfiguration;
			buildSettings = {
				ALWAYS_SEARCH_USER_PATHS = NO;
				CLANG_CXX_LANGUAGE_STANDARD = "gnu++0x";
				CLANG_CXX_LIBRARY = "libc++";
				CLANG_ENABLE_MODULES = YES;
				CLANG_ENABLE_OBJC_ARC = YES;
				CLANG_WARN_BOOL_CONVERSION = YES;
				CLANG_WARN_CONSTANT_CONVERSION = YES;
				CLANG_WARN_DIRECT_OBJC_ISA_USAGE = YES_ERROR;
				CLANG_WARN_EMPTY_BODY = YES;
				CLANG_WARN_ENUM_CONVERSION = YES;
				CLANG_WARN_INT_CONVERSION = YES;
				CLANG_WARN_OBJC_ROOT_CLASS = YES_ERROR;
				CLANG_WARN_UNREACHABLE_CODE = YES;
				CLANG_WARN__DUPLICATE_METHOD_MATCH = YES;
				"CODE_SIGN_IDENTITY[sdk=iphoneos*]" = "iPhone Developer";
				COPY_PHASE_STRIP = NO;
				DEBUG_INFORMATION_FORMAT = dwarf;
				ENABLE_STRICT_OBJC_MSGSEND = YES;
				ENABLE_TESTABILITY = YES;
				GCC_C_LANGUAGE_STANDARD = gnu99;
				GCC_DYNAMIC_NO_PIC = NO;
				GCC_NO_COMMON_BLOCKS = YES;
				GCC_OPTIMIZATION_LEVEL = 0;
				GCC_PREPROCESSOR_DEFINITIONS = (
					"DEBUG=1",
					"$(inherited)",
				);
				GCC_WARN_64_TO_32_BIT_CONVERSION = YES;
				GCC_WARN_ABOUT_RETURN_TYPE = YES_ERROR;
				GCC_WARN_UNDECLARED_SELECTOR = YES;
				GCC_WARN_UNINITIALIZED_AUTOS = YES_AGGRESSIVE;
				GCC_WARN_UNUSED_FUNCTION = YES;
				GCC_WARN_UNUSED_VARIABLE = YES;
				IPHONEOS_DEPLOYMENT_TARGET = 9.0;
				MTL_ENABLE_DEBUG_INFO = YES;
				ONLY_ACTIVE_ARCH = YES;
				SDKROOT = iphoneos;
				SWIFT_OPTIMIZATION_LEVEL = "-Onone";
				TARGETED_DEVICE_FAMILY = "1,2";
			};
			name = Debug;
		};
		A0AF98F11BC0A09900F81B7E /* Release */ = {
			isa = XCBuildConfiguration;
			buildSettings = {
				ALWAYS_SEARCH_USER_PATHS = NO;
				CLANG_CXX_LANGUAGE_STANDARD = "gnu++0x";
				CLANG_CXX_LIBRARY = "libc++";
				CLANG_ENABLE_MODULES = YES;
				CLANG_ENABLE_OBJC_ARC = YES;
				CLANG_WARN_BOOL_CONVERSION = YES;
				CLANG_WARN_CONSTANT_CONVERSION = YES;
				CLANG_WARN_DIRECT_OBJC_ISA_USAGE = YES_ERROR;
				CLANG_WARN_EMPTY_BODY = YES;
				CLANG_WARN_ENUM_CONVERSION = YES;
				CLANG_WARN_INT_CONVERSION = YES;
				CLANG_WARN_OBJC_ROOT_CLASS = YES_ERROR;
				CLANG_WARN_UNREACHABLE_CODE = YES;
				CLANG_WARN__DUPLICATE_METHOD_MATCH = YES;
				"CODE_SIGN_IDENTITY[sdk=iphoneos*]" = "iPhone Developer";
				COPY_PHASE_STRIP = NO;
				DEBUG_INFORMATION_FORMAT = "dwarf-with-dsym";
				ENABLE_NS_ASSERTIONS = NO;
				ENABLE_STRICT_OBJC_MSGSEND = YES;
				GCC_C_LANGUAGE_STANDARD = gnu99;
				GCC_NO_COMMON_BLOCKS = YES;
				GCC_WARN_64_TO_32_BIT_CONVERSION = YES;
				GCC_WARN_ABOUT_RETURN_TYPE = YES_ERROR;
				GCC_WARN_UNDECLARED_SELECTOR = YES;
				GCC_WARN_UNINITIALIZED_AUTOS = YES_AGGRESSIVE;
				GCC_WARN_UNUSED_FUNCTION = YES;
				GCC_WARN_UNUSED_VARIABLE = YES;
				IPHONEOS_DEPLOYMENT_TARGET = 9.0;
				MTL_ENABLE_DEBUG_INFO = NO;
				SDKROOT = iphoneos;
				TARGETED_DEVICE_FAMILY = "1,2";
				VALIDATE_PRODUCT = YES;
			};
			name = Release;
		};
		A0AF98F31BC0A09900F81B7E /* Debug */ = {
			isa = XCBuildConfiguration;
			buildSettings = {
				ASSETCATALOG_COMPILER_APPICON_NAME = AppIcon;
				INFOPLIST_FILE = twelv/Info.plist;
				LD_RUNPATH_SEARCH_PATHS = "$(inherited) @executable_path/Frameworks";
				PRODUCT_BUNDLE_IDENTIFIER = com.twelv;
				PRODUCT_NAME = "$(TARGET_NAME)";
			};
			name = Debug;
		};
		A0AF98F41BC0A09900F81B7E /* Release */ = {
			isa = XCBuildConfiguration;
			buildSettings = {
				ASSETCATALOG_COMPILER_APPICON_NAME = AppIcon;
				INFOPLIST_FILE = twelv/Info.plist;
				LD_RUNPATH_SEARCH_PATHS = "$(inherited) @executable_path/Frameworks";
				PRODUCT_BUNDLE_IDENTIFIER = com.twelv;
				PRODUCT_NAME = "$(TARGET_NAME)";
			};
			name = Release;
		};
		A0AF98F61BC0A09900F81B7E /* Debug */ = {
			isa = XCBuildConfiguration;
			buildSettings = {
				BUNDLE_LOADER = "$(TEST_HOST)";
				INFOPLIST_FILE = twelvTests/Info.plist;
				LD_RUNPATH_SEARCH_PATHS = "$(inherited) @executable_path/Frameworks @loader_path/Frameworks";
				PRODUCT_BUNDLE_IDENTIFIER = com.twelvTests;
				PRODUCT_NAME = "$(TARGET_NAME)";
				TEST_HOST = "$(BUILT_PRODUCTS_DIR)/twelv.app/twelv";
			};
			name = Debug;
		};
		A0AF98F71BC0A09900F81B7E /* Release */ = {
			isa = XCBuildConfiguration;
			buildSettings = {
				BUNDLE_LOADER = "$(TEST_HOST)";
				INFOPLIST_FILE = twelvTests/Info.plist;
				LD_RUNPATH_SEARCH_PATHS = "$(inherited) @executable_path/Frameworks @loader_path/Frameworks";
				PRODUCT_BUNDLE_IDENTIFIER = com.twelvTests;
				PRODUCT_NAME = "$(TARGET_NAME)";
				TEST_HOST = "$(BUILT_PRODUCTS_DIR)/twelv.app/twelv";
			};
			name = Release;
		};
		A0AF98F91BC0A09900F81B7E /* Debug */ = {
			isa = XCBuildConfiguration;
			buildSettings = {
				INFOPLIST_FILE = twelvUITests/Info.plist;
				LD_RUNPATH_SEARCH_PATHS = "$(inherited) @executable_path/Frameworks @loader_path/Frameworks";
				PRODUCT_BUNDLE_IDENTIFIER = com.twelvUITests;
				PRODUCT_NAME = "$(TARGET_NAME)";
				TEST_TARGET_NAME = twelv;
				USES_XCTRUNNER = YES;
			};
			name = Debug;
		};
		A0AF98FA1BC0A09900F81B7E /* Release */ = {
			isa = XCBuildConfiguration;
			buildSettings = {
				INFOPLIST_FILE = twelvUITests/Info.plist;
				LD_RUNPATH_SEARCH_PATHS = "$(inherited) @executable_path/Frameworks @loader_path/Frameworks";
				PRODUCT_BUNDLE_IDENTIFIER = com.twelvUITests;
				PRODUCT_NAME = "$(TARGET_NAME)";
				TEST_TARGET_NAME = twelv;
				USES_XCTRUNNER = YES;
			};
			name = Release;
		};
/* End XCBuildConfiguration section */

/* Begin XCConfigurationList section */
		A0AF98C51BC0A09800F81B7E /* Build configuration list for PBXProject "twelv" */ = {
			isa = XCConfigurationList;
			buildConfigurations = (
				A0AF98F01BC0A09900F81B7E /* Debug */,
				A0AF98F11BC0A09900F81B7E /* Release */,
			);
			defaultConfigurationIsVisible = 0;
			defaultConfigurationName = Release;
		};
		A0AF98F21BC0A09900F81B7E /* Build configuration list for PBXNativeTarget "twelv" */ = {
			isa = XCConfigurationList;
			buildConfigurations = (
				A0AF98F31BC0A09900F81B7E /* Debug */,
				A0AF98F41BC0A09900F81B7E /* Release */,
			);
			defaultConfigurationIsVisible = 0;
		};
		A0AF98F51BC0A09900F81B7E /* Build configuration list for PBXNativeTarget "twelvTests" */ = {
			isa = XCConfigurationList;
			buildConfigurations = (
				A0AF98F61BC0A09900F81B7E /* Debug */,
				A0AF98F71BC0A09900F81B7E /* Release */,
			);
			defaultConfigurationIsVisible = 0;
		};
		A0AF98F81BC0A09900F81B7E /* Build configuration list for PBXNativeTarget "twelvUITests" */ = {
			isa = XCConfigurationList;
			buildConfigurations = (
				A0AF98F91BC0A09900F81B7E /* Debug */,
				A0AF98FA1BC0A09900F81B7E /* Release */,
			);
			defaultConfigurationIsVisible = 0;
		};
/* End XCConfigurationList section */
	};
	rootObject = A0AF98C21BC0A09800F81B7E /* Project object */;
}
